
Microsoft Visual Studio Solution File, Format Version 12.00
# Visual Studio 2012
Project("{FAE04EC0-301F-11D3-BF4B-00C04F79EFBC}") = "MangalaTextiles", "MangalaTextiles\MangalaTextiles.csproj", "{232351FD-876C-47F7-9D3F-B44C24F2DE25}"
EndProject
Global
	GlobalSection(SolutionConfigurationPlatforms) = preSolution
		Debug|Any CPU = Debug|Any CPU
		Release|Any CPU = Release|Any CPU
	EndGlobalSection
	GlobalSection(ProjectConfigurationPlatforms) = postSolution
		{232351FD-876C-47F7-9D3F-B44C24F2DE25}.Debug|Any CPU.ActiveCfg = Debug|Any CPU
		{232351FD-876C-47F7-9D3F-B44C24F2DE25}.Debug|Any CPU.Build.0 = Debug|Any CPU
		{232351FD-876C-47F7-9D3F-B44C24F2DE25}.Release|Any CPU.ActiveCfg = Release|Any CPU
		{232351FD-876C-47F7-9D3F-B44C24F2DE25}.Release|Any CPU.Build.0 = Release|Any CPU
	EndGlobalSection
	GlobalSection(SolutionProperties) = preSolution
		HideSolutionNode = FALSE
	EndGlobalSection
EndGlobal
